// !$*UTF8*$!
{
	archiveVersion = 1;
	classes = {
	};
	objectVersion = 55;
	objects = {

/* Begin PBXBuildFile section */
		DBA7C1F128081D04000D3ED7 /* AppDelegate.swift in Sources */ = {isa = PBXBuildFile; fileRef = DBA7C1F028081D04000D3ED7 /* AppDelegate.swift */; };
		DBA7C1F328081D04000D3ED7 /* SceneDelegate.swift in Sources */ = {isa = PBXBuildFile; fileRef = DBA7C1F228081D04000D3ED7 /* SceneDelegate.swift */; };
		DBA7C1F528081D04000D3ED7 /* ViewController.swift in Sources */ = {isa = PBXBuildFile; fileRef = DBA7C1F428081D04000D3ED7 /* ViewController.swift */; };
		DBA7C1F828081D04000D3ED7 /* Main.storyboard in Resources */ = {isa = PBXBuildFile; fileRef = DBA7C1F628081D04000D3ED7 /* Main.storyboard */; };
		DBA7C1FA28081D04000D3ED7 /* Assets.xcassets in Resources */ = {isa = PBXBuildFile; fileRef = DBA7C1F928081D04000D3ED7 /* Assets.xcassets */; };
		DBA7C1FD28081D04000D3ED7 /* LaunchScreen.storyboard in Resources */ = {isa = PBXBuildFile; fileRef = DBA7C1FB28081D04000D3ED7 /* LaunchScreen.storyboard */; };
		DBA7C20728083412000D3ED7 /* jsonResponseModel.swift in Sources */ = {isa = PBXBuildFile; fileRef = DBA7C20628083412000D3ED7 /* jsonResponseModel.swift */; };
		DBA7C209280A9F69000D3ED7 /* urlResponse.swift in Sources */ = {isa = PBXBuildFile; fileRef = DBA7C208280A9F69000D3ED7 /* urlResponse.swift */; };
		DBA7C20D280D30EB000D3ED7 /* urlParsing.swift in Sources */ = {isa = PBXBuildFile; fileRef = DBA7C20C280D30EB000D3ED7 /* urlParsing.swift */; };
		DBA7C20F280D8F1B000D3ED7 /* TableViewCell.swift in Sources */ = {isa = PBXBuildFile; fileRef = DBA7C20E280D8F1B000D3ED7 /* TableViewCell.swift */; };
		DBA7C21128105045000D3ED7 /* SecondViewController.swift in Sources */ = {isa = PBXBuildFile; fileRef = DBA7C21028105045000D3ED7 /* SecondViewController.swift */; };
		DBA7C21328105A3E000D3ED7 /* SpinnerView.swift in Sources */ = {isa = PBXBuildFile; fileRef = DBA7C21228105A3E000D3ED7 /* SpinnerView.swift */; };
/* End PBXBuildFile section */

/* Begin PBXFileReference section */
		DBA7C1ED28081D04000D3ED7 /* newsAppWithJSON.app */ = {isa = PBXFileReference; explicitFileType = wrapper.application; includeInIndex = 0; path = newsAppWithJSON.app; sourceTree = BUILT_PRODUCTS_DIR; };
		DBA7C1F028081D04000D3ED7 /* AppDelegate.swift */ = {isa = PBXFileReference; lastKnownFileType = sourcecode.swift; path = AppDelegate.swift; sourceTree = "<group>"; };
		DBA7C1F228081D04000D3ED7 /* SceneDelegate.swift */ = {isa = PBXFileReference; lastKnownFileType = sourcecode.swift; path = SceneDelegate.swift; sourceTree = "<group>"; };
		DBA7C1F428081D04000D3ED7 /* ViewController.swift */ = {isa = PBXFileReference; lastKnownFileType = sourcecode.swift; path = ViewController.swift; sourceTree = "<group>"; };
		DBA7C1F728081D04000D3ED7 /* Base */ = {isa = PBXFileReference; lastKnownFileType = file.storyboard; name = Base; path = Base.lproj/Main.storyboard; sourceTree = "<group>"; };
		DBA7C1F928081D04000D3ED7 /* Assets.xcassets */ = {isa = PBXFileReference; lastKnownFileType = folder.assetcatalog; path = Assets.xcassets; sourceTree = "<group>"; };
		DBA7C1FC28081D04000D3ED7 /* Base */ = {isa = PBXFileReference; lastKnownFileType = file.storyboard; name = Base; path = Base.lproj/LaunchScreen.storyboard; sourceTree = "<group>"; };
		DBA7C1FE28081D04000D3ED7 /* Info.plist */ = {isa = PBXFileReference; lastKnownFileType = text.plist.xml; path = Info.plist; sourceTree = "<group>"; };
		DBA7C20628083412000D3ED7 /* jsonResponseModel.swift */ = {isa = PBXFileReference; lastKnownFileType = sourcecode.swift; path = jsonResponseModel.swift; sourceTree = "<group>"; };
		DBA7C208280A9F69000D3ED7 /* urlResponse.swift */ = {isa = PBXFileReference; lastKnownFileType = sourcecode.swift; path = urlResponse.swift; sourceTree = "<group>"; };
		DBA7C20C280D30EB000D3ED7 /* urlParsing.swift */ = {isa = PBXFileReference; lastKnownFileType = sourcecode.swift; path = urlParsing.swift; sourceTree = "<group>"; };
		DBA7C20E280D8F1B000D3ED7 /* TableViewCell.swift */ = {isa = PBXFileReference; lastKnownFileType = sourcecode.swift; path = TableViewCell.swift; sourceTree = "<group>"; };
		DBA7C21028105045000D3ED7 /* SecondViewController.swift */ = {isa = PBXFileReference; lastKnownFileType = sourcecode.swift; path = SecondViewController.swift; sourceTree = "<group>"; };
		DBA7C21228105A3E000D3ED7 /* SpinnerView.swift */ = {isa = PBXFileReference; lastKnownFileType = sourcecode.swift; path = SpinnerView.swift; sourceTree = "<group>"; };
/* End PBXFileReference section */

/* Begin PBXFrameworksBuildPhase section */
		DBA7C1EA28081D04000D3ED7 /* Frameworks */ = {
			isa = PBXFrameworksBuildPhase;
			buildActionMask = 2147483647;
			files = (
			);
			runOnlyForDeploymentPostprocessing = 0;
		};
/* End PBXFrameworksBuildPhase section */

/* Begin PBXGroup section */
		DBA7C1E428081D04000D3ED7 = {
			isa = PBXGroup;
			children = (
				DBA7C1EF28081D04000D3ED7 /* newsAppWithJSON */,
				DBA7C1EE28081D04000D3ED7 /* Products */,
			);
			sourceTree = "<group>";
		};
		DBA7C1EE28081D04000D3ED7 /* Products */ = {
			isa = PBXGroup;
			children = (
				DBA7C1ED28081D04000D3ED7 /* newsAppWithJSON.app */,
			);
			name = Products;
			sourceTree = "<group>";
		};
		DBA7C1EF28081D04000D3ED7 /* newsAppWithJSON */ = {
			isa = PBXGroup;
			children = (
				DBA7C1F028081D04000D3ED7 /* AppDelegate.swift */,
				DBA7C1F228081D04000D3ED7 /* SceneDelegate.swift */,
				DBA7C1F428081D04000D3ED7 /* ViewController.swift */,
				DBA7C21028105045000D3ED7 /* SecondViewController.swift */,
				DBA7C21228105A3E000D3ED7 /* SpinnerView.swift */,
				DBA7C20E280D8F1B000D3ED7 /* TableViewCell.swift */,
				DBA7C20A280AC16D000D3ED7 /* Models */,
				DBA7C20B280AC187000D3ED7 /* NetworkService */,
				DBA7C1F628081D04000D3ED7 /* Main.storyboard */,
				DBA7C1F928081D04000D3ED7 /* Assets.xcassets */,
				DBA7C1FB28081D04000D3ED7 /* LaunchScreen.storyboard */,
				DBA7C1FE28081D04000D3ED7 /* Info.plist */,
			);
			path = newsAppWithJSON;
			sourceTree = "<group>";
		};
		DBA7C20A280AC16D000D3ED7 /* Models */ = {
			isa = PBXGroup;
			children = (
				DBA7C20628083412000D3ED7 /* jsonResponseModel.swift */,
			);
			path = Models;
			sourceTree = "<group>";
		};
		DBA7C20B280AC187000D3ED7 /* NetworkService */ = {
			isa = PBXGroup;
			children = (
				DBA7C208280A9F69000D3ED7 /* urlResponse.swift */,
				DBA7C20C280D30EB000D3ED7 /* urlParsing.swift */,
			);
			path = NetworkService;
			sourceTree = "<group>";
		};
/* End PBXGroup section */

/* Begin PBXNativeTarget section */
		DBA7C1EC28081D04000D3ED7 /* newsAppWithJSON */ = {
			isa = PBXNativeTarget;
			buildConfigurationList = DBA7C20128081D04000D3ED7 /* Build configuration list for PBXNativeTarget "newsAppWithJSON" */;
			buildPhases = (
				DBA7C1E928081D04000D3ED7 /* Sources */,
				DBA7C1EA28081D04000D3ED7 /* Frameworks */,
				DBA7C1EB28081D04000D3ED7 /* Resources */,
			);
			buildRules = (
			);
			dependencies = (
			);
			name = newsAppWithJSON;
			productName = newsAppWithJSON;
			productReference = DBA7C1ED28081D04000D3ED7 /* newsAppWithJSON.app */;
			productType = "com.apple.product-type.application";
		};
/* End PBXNativeTarget section */

/* Begin PBXProject section */
		DBA7C1E528081D04000D3ED7 /* Project object */ = {
			isa = PBXProject;
			attributes = {
				BuildIndependentTargetsInParallel = 1;
				LastSwiftUpdateCheck = 1320;
				LastUpgradeCheck = 1320;
				TargetAttributes = {
					DBA7C1EC28081D04000D3ED7 = {
						CreatedOnToolsVersion = 13.2.1;
					};
				};
			};
			buildConfigurationList = DBA7C1E828081D04000D3ED7 /* Build configuration list for PBXProject "newsAppWithJSON" */;
			compatibilityVersion = "Xcode 13.0";
			developmentRegion = en;
			hasScannedForEncodings = 0;
			knownRegions = (
				en,
				Base,
			);
			mainGroup = DBA7C1E428081D04000D3ED7;
			productRefGroup = DBA7C1EE28081D04000D3ED7 /* Products */;
			projectDirPath = "";
			projectRoot = "";
			targets = (
				DBA7C1EC28081D04000D3ED7 /* newsAppWithJSON */,
			);
		};
/* End PBXProject section */

/* Begin PBXResourcesBuildPhase section */
		DBA7C1EB28081D04000D3ED7 /* Resources */ = {
			isa = PBXResourcesBuildPhase;
			buildActionMask = 2147483647;
			files = (
				DBA7C1FD28081D04000D3ED7 /* LaunchScreen.storyboard in Resources */,
				DBA7C1FA28081D04000D3ED7 /* Assets.xcassets in Resources */,
				DBA7C1F828081D04000D3ED7 /* Main.storyboard in Resources */,
			);
			runOnlyForDeploymentPostprocessing = 0;
		};
/* End PBXResourcesBuildPhase section */

/* Begin PBXSourcesBuildPhase section */
		DBA7C1E928081D04000D3ED7 /* Sources */ = {
			isa = PBXSourcesBuildPhase;
			buildActionMask = 2147483647;
			files = (
				DBA7C21128105045000D3ED7 /* SecondViewController.swift in Sources */,
				DBA7C21328105A3E000D3ED7 /* SpinnerView.swift in Sources */,
				DBA7C20D280D30EB000D3ED7 /* urlParsing.swift in Sources */,
				DBA7C20728083412000D3ED7 /* jsonResponseModel.swift in Sources */,
				DBA7C1F528081D04000D3ED7 /* ViewController.swift in Sources */,
				DBA7C1F128081D04000D3ED7 /* AppDelegate.swift in Sources */,
				DBA7C209280A9F69000D3ED7 /* urlResponse.swift in Sources */,
				DBA7C20F280D8F1B000D3ED7 /* TableViewCell.swift in Sources */,
				DBA7C1F328081D04000D3ED7 /* SceneDelegate.swift in Sources */,
			);
			runOnlyForDeploymentPostprocessing = 0;
		};
/* End PBXSourcesBuildPhase section */

/* Begin PBXVariantGroup section */
		DBA7C1F628081D04000D3ED7 /* Main.storyboard */ = {
			isa = PBXVariantGroup;
			children = (
				DBA7C1F728081D04000D3ED7 /* Base */,
			);
			name = Main.storyboard;
			sourceTree = "<group>";
		};
		DBA7C1FB28081D04000D3ED7 /* LaunchScreen.storyboard */ = {
			isa = PBXVariantGroup;
			children = (
				DBA7C1FC28081D04000D3ED7 /* Base */,
			);
			name = LaunchScreen.storyboard;
			sourceTree = "<group>";
		};
/* End PBXVariantGroup section */

/* Begin XCBuildConfiguration section */
		DBA7C1FF28081D04000D3ED7 /* Debug */ = {
			isa = XCBuildConfiguration;
			buildSettings = {
				ALWAYS_SEARCH_USER_PATHS = NO;
				CLANG_ANALYZER_NONNULL = YES;
				CLANG_ANALYZER_NUMBER_OBJECT_CONVERSION = YES_AGGRESSIVE;
				CLANG_CXX_LANGUAGE_STANDARD = "gnu++17";
				CLANG_CXX_LIBRARY = "libc++";
				CLANG_ENABLE_MODULES = YES;
				CLANG_ENABLE_OBJC_ARC = YES;
				CLANG_ENABLE_OBJC_WEAK = YES;
				CLANG_WARN_BLOCK_CAPTURE_AUTORELEASING = YES;
				CLANG_WARN_BOOL_CONVERSION = YES;
				CLANG_WARN_COMMA = YES;
				CLANG_WARN_CONSTANT_CONVERSION = YES;
				CLANG_WARN_DEPRECATED_OBJC_IMPLEMENTATIONS = YES;
				CLANG_WARN_DIRECT_OBJC_ISA_USAGE = YES_ERROR;
				CLANG_WARN_DOCUMENTATION_COMMENTS = YES;
				CLANG_WARN_EMPTY_BODY = YES;
				CLANG_WARN_ENUM_CONVERSION = YES;
				CLANG_WARN_INFINITE_RECURSION = YES;
				CLANG_WARN_INT_CONVERSION = YES;
				CLANG_WARN_NON_LITERAL_NULL_CONVERSION = YES;
				CLANG_WARN_OBJC_IMPLICIT_RETAIN_SELF = YES;
				CLANG_WARN_OBJC_LITERAL_CONVERSION = YES;
				CLANG_WARN_OBJC_ROOT_CLASS = YES_ERROR;
				CLANG_WARN_QUOTED_INCLUDE_IN_FRAMEWORK_HEADER = YES;
				CLANG_WARN_RANGE_LOOP_ANALYSIS = YES;
				CLANG_WARN_STRICT_PROTOTYPES = YES;
				CLANG_WARN_SUSPICIOUS_MOVE = YES;
				CLANG_WARN_UNGUARDED_AVAILABILITY = YES_AGGRESSIVE;
				CLANG_WARN_UNREACHABLE_CODE = YES;
				CLANG_WARN__DUPLICATE_METHOD_MATCH = YES;
				COPY_PHASE_STRIP = NO;
				DEBUG_INFORMATION_FORMAT = dwarf;
				ENABLE_STRICT_OBJC_MSGSEND = YES;
				ENABLE_TESTABILITY = YES;
				GCC_C_LANGUAGE_STANDARD = gnu11;
				GCC_DYNAMIC_NO_PIC = NO;
				GCC_NO_COMMON_BLOCKS = YES;
				GCC_OPTIMIZATION_LEVEL = 0;
				GCC_PREPROCESSOR_DEFINITIONS = (
					"DEBUG=1",
					"$(inherited)",
				);
				GCC_WARN_64_TO_32_BIT_CONVERSION = YES;
				GCC_WARN_ABOUT_RETURN_TYPE = YES_ERROR;
				GCC_WARN_UNDECLARED_SELECTOR = YES;
				GCC_WARN_UNINITIALIZED_AUTOS = YES_AGGRESSIVE;
				GCC_WARN_UNUSED_FUNCTION = YES;
				GCC_WARN_UNUSED_VARIABLE = YES;
				IPHONEOS_DEPLOYMENT_TARGET = 15.2;
				MTL_ENABLE_DEBUG_INFO = INCLUDE_SOURCE;
				MTL_FAST_MATH = YES;
				ONLY_ACTIVE_ARCH = YES;
				SDKROOT = iphoneos;
				SWIFT_ACTIVE_COMPILATION_CONDITIONS = DEBUG;
				SWIFT_OPTIMIZATION_LEVEL = "-Onone";
			};
			name = Debug;
		};
		DBA7C20028081D04000D3ED7 /* Release */ = {
			isa = XCBuildConfiguration;
			buildSettings = {
				ALWAYS_SEARCH_USER_PATHS = NO;
				CLANG_ANALYZER_NONNULL = YES;
				CLANG_ANALYZER_NUMBER_OBJECT_CONVERSION = YES_AGGRESSIVE;
				CLANG_CXX_LANGUAGE_STANDARD = "gnu++17";
				CLANG_CXX_LIBRARY = "libc++";
				CLANG_ENABLE_MODULES = YES;
				CLANG_ENABLE_OBJC_ARC = YES;
				CLANG_ENABLE_OBJC_WEAK = YES;
				CLANG_WARN_BLOCK_CAPTURE_AUTORELEASING = YES;
				CLANG_WARN_BOOL_CONVERSION = YES;
				CLANG_WARN_COMMA = YES;
				CLANG_WARN_CONSTANT_CONVERSION = YES;
				CLANG_WARN_DEPRECATED_OBJC_IMPLEMENTATIONS = YES;
				CLANG_WARN_DIRECT_OBJC_ISA_USAGE = YES_ERROR;
				CLANG_WARN_DOCUMENTATION_COMMENTS = YES;
				CLANG_WARN_EMPTY_BODY = YES;
				CLANG_WARN_ENUM_CONVERSION = YES;
				CLANG_WARN_INFINITE_RECURSION = YES;
				CLANG_WARN_INT_CONVERSION = YES;
				CLANG_WARN_NON_LITERAL_NULL_CONVERSION = YES;
				CLANG_WARN_OBJC_IMPLICIT_RETAIN_SELF = YES;
				CLANG_WARN_OBJC_LITERAL_CONVERSION = YES;
				CLANG_WARN_OBJC_ROOT_CLASS = YES_ERROR;
				CLANG_WARN_QUOTED_INCLUDE_IN_FRAMEWORK_HEADER = YES;
				CLANG_WARN_RANGE_LOOP_ANALYSIS = YES;
				CLANG_WARN_STRICT_PROTOTYPES = YES;
				CLANG_WARN_SUSPICIOUS_MOVE = YES;
				CLANG_WARN_UNGUARDED_AVAILABILITY = YES_AGGRESSIVE;
				CLANG_WARN_UNREACHABLE_CODE = YES;
				CLANG_WARN__DUPLICATE_METHOD_MATCH = YES;
				COPY_PHASE_STRIP = NO;
				DEBUG_INFORMATION_FORMAT = "dwarf-with-dsym";
				ENABLE_NS_ASSERTIONS = NO;
				ENABLE_STRICT_OBJC_MSGSEND = YES;
				GCC_C_LANGUAGE_STANDARD = gnu11;
				GCC_NO_COMMON_BLOCKS = YES;
				GCC_WARN_64_TO_32_BIT_CONVERSION = YES;
				GCC_WARN_ABOUT_RETURN_TYPE = YES_ERROR;
				GCC_WARN_UNDECLARED_SELECTOR = YES;
				GCC_WARN_UNINITIALIZED_AUTOS = YES_AGGRESSIVE;
				GCC_WARN_UNUSED_FUNCTION = YES;
				GCC_WARN_UNUSED_VARIABLE = YES;
				IPHONEOS_DEPLOYMENT_TARGET = 15.2;
				MTL_ENABLE_DEBUG_INFO = NO;
				MTL_FAST_MATH = YES;
				SDKROOT = iphoneos;
				SWIFT_COMPILATION_MODE = wholemodule;
				SWIFT_OPTIMIZATION_LEVEL = "-O";
				VALIDATE_PRODUCT = YES;
			};
			name = Release;
		};
		DBA7C20228081D04000D3ED7 /* Debug */ = {
			isa = XCBuildConfiguration;
			buildSettings = {
				ASSETCATALOG_COMPILER_APPICON_NAME = AppIcon;
				ASSETCATALOG_COMPILER_GLOBAL_ACCENT_COLOR_NAME = AccentColor;
				CODE_SIGN_STYLE = Automatic;
				CURRENT_PROJECT_VERSION = 1;
				DEVELOPMENT_TEAM = 2774598DC3;
				GENERATE_INFOPLIST_FILE = YES;
				INFOPLIST_FILE = newsAppWithJSON/Info.plist;
				INFOPLIST_KEY_UIApplicationSupportsIndirectInputEvents = YES;
				INFOPLIST_KEY_UILaunchStoryboardName = LaunchScreen;
				INFOPLIST_KEY_UIMainStoryboardFile = Main;
				INFOPLIST_KEY_UISupportedInterfaceOrientations_iPad = "UIInterfaceOrientationPortrait UIInterfaceOrientationPortraitUpsideDown UIInterfaceOrientationLandscapeLeft UIInterfaceOrientationLandscapeRight";
				INFOPLIST_KEY_UISupportedInterfaceOrientations_iPhone = "UIInterfaceOrientationPortrait UIInterfaceOrientationLandscapeLeft UIInterfaceOrientationLandscapeRight";
				LD_RUNPATH_SEARCH_PATHS = (
					"$(inherited)",
					"@executable_path/Frameworks",
				);
				MARKETING_VERSION = 1.0;
				PRODUCT_BUNDLE_IDENTIFIER = com.Novikov.newsAppWithJSON;
				PRODUCT_NAME = "$(TARGET_NAME)";
				SWIFT_EMIT_LOC_STRINGS = YES;
				SWIFT_VERSION = 5.0;
				TARGETED_DEVICE_FAMILY = "1,2";
			};
			name = Debug;
		};
		DBA7C20328081D04000D3ED7 /* Release */ = {
			isa = XCBuildConfiguration;
			buildSettings = {
				ASSETCATALOG_COMPILER_APPICON_NAME = AppIcon;
				ASSETCATALOG_COMPILER_GLOBAL_ACCENT_COLOR_NAME = AccentColor;
				CODE_SIGN_STYLE = Automatic;
				CURRENT_PROJECT_VERSION = 1;
				DEVELOPMENT_TEAM = 2774598DC3;
				GENERATE_INFOPLIST_FILE = YES;
				INFOPLIST_FILE = newsAppWithJSON/Info.plist;
				INFOPLIST_KEY_UIApplicationSupportsIndirectInputEvents = YES;
				INFOPLIST_KEY_UILaunchStoryboardName = LaunchScreen;
				INFOPLIST_KEY_UIMainStoryboardFile = Main;
				INFOPLIST_KEY_UISupportedInterfaceOrientations_iPad = "UIInterfaceOrientationPortrait UIInterfaceOrientationPortraitUpsideDown UIInterfaceOrientationLandscapeLeft UIInterfaceOrientationLandscapeRight";
				INFOPLIST_KEY_UISupportedInterfaceOrientations_iPhone = "UIInterfaceOrientationPortrait UIInterfaceOrientationLandscapeLeft UIInterfaceOrientationLandscapeRight";
				LD_RUNPATH_SEARCH_PATHS = (
					"$(inherited)",
					"@executable_path/Frameworks",
				);
				MARKETING_VERSION = 1.0;
				PRODUCT_BUNDLE_IDENTIFIER = com.Novikov.newsAppWithJSON;
				PRODUCT_NAME = "$(TARGET_NAME)";
				SWIFT_EMIT_LOC_STRINGS = YES;
				SWIFT_VERSION = 5.0;
				TARGETED_DEVICE_FAMILY = "1,2";
			};
			name = Release;
		};
/* End XCBuildConfiguration section */

/* Begin XCConfigurationList section */
		DBA7C1E828081D04000D3ED7 /* Build configuration list for PBXProject "newsAppWithJSON" */ = {
			isa = XCConfigurationList;
			buildConfigurations = (
				DBA7C1FF28081D04000D3ED7 /* Debug */,
				DBA7C20028081D04000D3ED7 /* Release */,
			);
			defaultConfigurationIsVisible = 0;
			defaultConfigurationName = Release;
		};
		DBA7C20128081D04000D3ED7 /* Build configuration list for PBXNativeTarget "newsAppWithJSON" */ = {
			isa = XCConfigurationList;
			buildConfigurations = (
				DBA7C20228081D04000D3ED7 /* Debug */,
				DBA7C20328081D04000D3ED7 /* Release */,
			);
			defaultConfigurationIsVisible = 0;
			defaultConfigurationName = Release;
		};
/* End XCConfigurationList section */
	};
	rootObject = DBA7C1E528081D04000D3ED7 /* Project object */;
}
